// !$*UTF8*$!
{
	archiveVersion = 1;
	classes = {
	};
	objectVersion = 56;
	objects = {

/* Begin PBXBuildFile section */
		533C58D92C822C9F00A89380 /* AppConstants.swift in Sources */ = {isa = PBXBuildFile; fileRef = 533C58D82C822C9F00A89380 /* AppConstants.swift */; };
		533C58DC2C822D1500A89380 /* ProfileDetailView.swift in Sources */ = {isa = PBXBuildFile; fileRef = 533C58DB2C822D1500A89380 /* ProfileDetailView.swift */; };
		53452D382C7344C400C3E406 /* instagram_cloneApp.swift in Sources */ = {isa = PBXBuildFile; fileRef = 53452D372C7344C400C3E406 /* instagram_cloneApp.swift */; };
		53452D3C2C7344C500C3E406 /* Assets.xcassets in Resources */ = {isa = PBXBuildFile; fileRef = 53452D3B2C7344C500C3E406 /* Assets.xcassets */; };
		53452D3F2C7344C500C3E406 /* Preview Assets.xcassets in Resources */ = {isa = PBXBuildFile; fileRef = 53452D3E2C7344C500C3E406 /* Preview Assets.xcassets */; };
		53452D492C73451100C3E406 /* SplashScreen.swift in Sources */ = {isa = PBXBuildFile; fileRef = 53452D482C73451100C3E406 /* SplashScreen.swift */; };
		53452D4E2C7446B000C3E406 /* ApiService.swift in Sources */ = {isa = PBXBuildFile; fileRef = 53452D4D2C7446B000C3E406 /* ApiService.swift */; };
		53452D512C7453E800C3E406 /* RegisterPage.swift in Sources */ = {isa = PBXBuildFile; fileRef = 53452D502C7453E800C3E406 /* RegisterPage.swift */; };
		53452D532C74547600C3E406 /* AppColors.swift in Sources */ = {isa = PBXBuildFile; fileRef = 53452D522C74547600C3E406 /* AppColors.swift */; };
		53452D572C74585700C3E406 /* RegisterEmailTextField.swift in Sources */ = {isa = PBXBuildFile; fileRef = 53452D562C74585700C3E406 /* RegisterEmailTextField.swift */; };
		53452D5B2C7476F400C3E406 /* RegisterViewModel.swift in Sources */ = {isa = PBXBuildFile; fileRef = 53452D5A2C7476F400C3E406 /* RegisterViewModel.swift */; };
		53452D5E2C747C1200C3E406 /* RegisterModel.swift in Sources */ = {isa = PBXBuildFile; fileRef = 53452D5D2C747C1200C3E406 /* RegisterModel.swift */; };
		53452D602C747D3700C3E406 /* ApiEndPoints.swift in Sources */ = {isa = PBXBuildFile; fileRef = 53452D5F2C747D3700C3E406 /* ApiEndPoints.swift */; };
		53452D622C747FB100C3E406 /* RegisterPasswordTextField.swift in Sources */ = {isa = PBXBuildFile; fileRef = 53452D612C747FB100C3E406 /* RegisterPasswordTextField.swift */; };
		53452D642C747FDE00C3E406 /* RegisterButton.swift in Sources */ = {isa = PBXBuildFile; fileRef = 53452D632C747FDE00C3E406 /* RegisterButton.swift */; };
		53452D662C74838500C3E406 /* RegisterNameTextField.swift in Sources */ = {isa = PBXBuildFile; fileRef = 53452D652C74838500C3E406 /* RegisterNameTextField.swift */; };
		53452D682C74848200C3E406 /* Superprint.swift in Sources */ = {isa = PBXBuildFile; fileRef = 53452D672C74848200C3E406 /* Superprint.swift */; };
		534E0C422C8818D500D8BA40 /* Shimmer.swift in Sources */ = {isa = PBXBuildFile; fileRef = 534E0C412C8818D500D8BA40 /* Shimmer.swift */; };
		534E0C452C88206A00D8BA40 /* EditProfilePage.swift in Sources */ = {isa = PBXBuildFile; fileRef = 534E0C442C88206A00D8BA40 /* EditProfilePage.swift */; };
		534E0C4E2C8856B700D8BA40 /* EditDetailPage.swift in Sources */ = {isa = PBXBuildFile; fileRef = 534E0C4D2C8856B700D8BA40 /* EditDetailPage.swift */; };
		539CBEFE2C771E60005F81A9 /* EachFeed.swift in Sources */ = {isa = PBXBuildFile; fileRef = 539CBEFD2C771E60005F81A9 /* EachFeed.swift */; };
		539CBF002C771E90005F81A9 /* FeedListPage.swift in Sources */ = {isa = PBXBuildFile; fileRef = 539CBEFF2C771E90005F81A9 /* FeedListPage.swift */; };
		539CBF022C771EA6005F81A9 /* FeedModel.swift in Sources */ = {isa = PBXBuildFile; fileRef = 539CBF012C771EA6005F81A9 /* FeedModel.swift */; };
		539CBF052C772DE1005F81A9 /* ToastView.swift in Sources */ = {isa = PBXBuildFile; fileRef = 539CBF042C772DE1005F81A9 /* ToastView.swift */; };
		539CBF082C7745A2005F81A9 /* SplashScreenViewModel.swift in Sources */ = {isa = PBXBuildFile; fileRef = 539CBF072C7745A2005F81A9 /* SplashScreenViewModel.swift */; };
		539CBF0A2C774627005F81A9 /* TokenManager.swift in Sources */ = {isa = PBXBuildFile; fileRef = 539CBF092C774627005F81A9 /* TokenManager.swift */; };
		539CBF0C2C783EEA005F81A9 /* EachTabIcon.swift in Sources */ = {isa = PBXBuildFile; fileRef = 539CBF0B2C783EEA005F81A9 /* EachTabIcon.swift */; };
		539CBF0F2C785239005F81A9 /* HomePage.swift in Sources */ = {isa = PBXBuildFile; fileRef = 539CBF0E2C785239005F81A9 /* HomePage.swift */; };
		539CBF112C7853D1005F81A9 /* FeedsViewModel.swift in Sources */ = {isa = PBXBuildFile; fileRef = 539CBF102C7853D1005F81A9 /* FeedsViewModel.swift */; };
		53B06D422C75ABCB0054EAC1 /* LoginViewModel.swift in Sources */ = {isa = PBXBuildFile; fileRef = 53B06D412C75ABCB0054EAC1 /* LoginViewModel.swift */; };
		53B06D442C75AC050054EAC1 /* LoginEmailTextField.swift in Sources */ = {isa = PBXBuildFile; fileRef = 53B06D432C75AC050054EAC1 /* LoginEmailTextField.swift */; };
		53B06D462C75AC250054EAC1 /* LoginPasswordTextField.swift in Sources */ = {isa = PBXBuildFile; fileRef = 53B06D452C75AC250054EAC1 /* LoginPasswordTextField.swift */; };
		53B06D482C75AC2B0054EAC1 /* LoginButton.swift in Sources */ = {isa = PBXBuildFile; fileRef = 53B06D472C75AC2B0054EAC1 /* LoginButton.swift */; };
		53B06D4B2C75AC4B0054EAC1 /* AuthBGView.swift in Sources */ = {isa = PBXBuildFile; fileRef = 53B06D4A2C75AC4B0054EAC1 /* AuthBGView.swift */; };
		53B06D4D2C75C8BF0054EAC1 /* AuthTextField.swift in Sources */ = {isa = PBXBuildFile; fileRef = 53B06D4C2C75C8BF0054EAC1 /* AuthTextField.swift */; };
		53B06D4F2C75CB8B0054EAC1 /* LoginPage.swift in Sources */ = {isa = PBXBuildFile; fileRef = 53B06D4E2C75CB8B0054EAC1 /* LoginPage.swift */; };
		53B06D512C75CDEA0054EAC1 /* AuthActionButton.swift in Sources */ = {isa = PBXBuildFile; fileRef = 53B06D502C75CDEA0054EAC1 /* AuthActionButton.swift */; };
		53B06D532C75D2120054EAC1 /* Extensions.swift in Sources */ = {isa = PBXBuildFile; fileRef = 53B06D522C75D2120054EAC1 /* Extensions.swift */; };
		53B06D552C75D6140054EAC1 /* RegisterPageRouteButton.swift in Sources */ = {isa = PBXBuildFile; fileRef = 53B06D542C75D6140054EAC1 /* RegisterPageRouteButton.swift */; };
		53B06D572C75E35C0054EAC1 /* LoginModel.swift in Sources */ = {isa = PBXBuildFile; fileRef = 53B06D562C75E35C0054EAC1 /* LoginModel.swift */; };
		53DD5DA72C803BD000060F9B /* AddFeedsPage.swift in Sources */ = {isa = PBXBuildFile; fileRef = 53DD5DA62C803BD000060F9B /* AddFeedsPage.swift */; };
		53DD5DAA2C803BE300060F9B /* AddFeedsViewModel.swift in Sources */ = {isa = PBXBuildFile; fileRef = 53DD5DA92C803BE300060F9B /* AddFeedsViewModel.swift */; };
		53DD5DAD2C803BEF00060F9B /* AddFeedsModel.swift in Sources */ = {isa = PBXBuildFile; fileRef = 53DD5DAC2C803BEF00060F9B /* AddFeedsModel.swift */; };
		53DD5DAF2C818BAF00060F9B /* AppFunctions.swift in Sources */ = {isa = PBXBuildFile; fileRef = 53DD5DAE2C818BAF00060F9B /* AppFunctions.swift */; };
		53DD5DB12C81A0FA00060F9B /* CommentsSheet.swift in Sources */ = {isa = PBXBuildFile; fileRef = 53DD5DB02C81A0FA00060F9B /* CommentsSheet.swift */; };
		53DD5DB32C81B74200060F9B /* DummyProfile.swift in Sources */ = {isa = PBXBuildFile; fileRef = 53DD5DB22C81B74200060F9B /* DummyProfile.swift */; };
		53DD5DB92C81D70800060F9B /* ProfilePage.swift in Sources */ = {isa = PBXBuildFile; fileRef = 53DD5DB82C81D70800060F9B /* ProfilePage.swift */; };
		53DD5DBB2C81D71800060F9B /* ProfileViewModel.swift in Sources */ = {isa = PBXBuildFile; fileRef = 53DD5DBA2C81D71800060F9B /* ProfileViewModel.swift */; };
		53DD5DBD2C81D73E00060F9B /* ProfileModel.swift in Sources */ = {isa = PBXBuildFile; fileRef = 53DD5DBC2C81D73E00060F9B /* ProfileModel.swift */; };
		53E445BF2C79ABB5003D50AA /* NetworkImage.swift in Sources */ = {isa = PBXBuildFile; fileRef = 53E445BE2C79ABB5003D50AA /* NetworkImage.swift */; };
/* End PBXBuildFile section */

/* Begin PBXFileReference section */
		533C58D82C822C9F00A89380 /* AppConstants.swift */ = {isa = PBXFileReference; lastKnownFileType = sourcecode.swift; path = AppConstants.swift; sourceTree = "<group>"; };
		533C58DB2C822D1500A89380 /* ProfileDetailView.swift */ = {isa = PBXFileReference; lastKnownFileType = sourcecode.swift; path = ProfileDetailView.swift; sourceTree = "<group>"; };
		53452D342C7344C400C3E406 /* instagram_clone.app */ = {isa = PBXFileReference; explicitFileType = wrapper.application; includeInIndex = 0; path = instagram_clone.app; sourceTree = BUILT_PRODUCTS_DIR; };
		53452D372C7344C400C3E406 /* instagram_cloneApp.swift */ = {isa = PBXFileReference; lastKnownFileType = sourcecode.swift; path = instagram_cloneApp.swift; sourceTree = "<group>"; };
		53452D3B2C7344C500C3E406 /* Assets.xcassets */ = {isa = PBXFileReference; lastKnownFileType = folder.assetcatalog; path = Assets.xcassets; sourceTree = "<group>"; };
		53452D3E2C7344C500C3E406 /* Preview Assets.xcassets */ = {isa = PBXFileReference; lastKnownFileType = folder.assetcatalog; path = "Preview Assets.xcassets"; sourceTree = "<group>"; };
		53452D482C73451100C3E406 /* SplashScreen.swift */ = {isa = PBXFileReference; lastKnownFileType = sourcecode.swift; path = SplashScreen.swift; sourceTree = "<group>"; };
		53452D4D2C7446B000C3E406 /* ApiService.swift */ = {isa = PBXFileReference; lastKnownFileType = sourcecode.swift; path = ApiService.swift; sourceTree = "<group>"; };
		53452D502C7453E800C3E406 /* RegisterPage.swift */ = {isa = PBXFileReference; lastKnownFileType = sourcecode.swift; path = RegisterPage.swift; sourceTree = "<group>"; };
		53452D522C74547600C3E406 /* AppColors.swift */ = {isa = PBXFileReference; lastKnownFileType = sourcecode.swift; path = AppColors.swift; sourceTree = "<group>"; };
		53452D562C74585700C3E406 /* RegisterEmailTextField.swift */ = {isa = PBXFileReference; lastKnownFileType = sourcecode.swift; path = RegisterEmailTextField.swift; sourceTree = "<group>"; };
		53452D5A2C7476F400C3E406 /* RegisterViewModel.swift */ = {isa = PBXFileReference; lastKnownFileType = sourcecode.swift; path = RegisterViewModel.swift; sourceTree = "<group>"; };
		53452D5D2C747C1200C3E406 /* RegisterModel.swift */ = {isa = PBXFileReference; lastKnownFileType = sourcecode.swift; path = RegisterModel.swift; sourceTree = "<group>"; };
		53452D5F2C747D3700C3E406 /* ApiEndPoints.swift */ = {isa = PBXFileReference; lastKnownFileType = sourcecode.swift; path = ApiEndPoints.swift; sourceTree = "<group>"; };
		53452D612C747FB100C3E406 /* RegisterPasswordTextField.swift */ = {isa = PBXFileReference; lastKnownFileType = sourcecode.swift; path = RegisterPasswordTextField.swift; sourceTree = "<group>"; };
		53452D632C747FDE00C3E406 /* RegisterButton.swift */ = {isa = PBXFileReference; lastKnownFileType = sourcecode.swift; path = RegisterButton.swift; sourceTree = "<group>"; };
		53452D652C74838500C3E406 /* RegisterNameTextField.swift */ = {isa = PBXFileReference; lastKnownFileType = sourcecode.swift; path = RegisterNameTextField.swift; sourceTree = "<group>"; };
		53452D672C74848200C3E406 /* Superprint.swift */ = {isa = PBXFileReference; lastKnownFileType = sourcecode.swift; path = Superprint.swift; sourceTree = "<group>"; };
		534E0C412C8818D500D8BA40 /* Shimmer.swift */ = {isa = PBXFileReference; lastKnownFileType = sourcecode.swift; path = Shimmer.swift; sourceTree = "<group>"; };
		534E0C442C88206A00D8BA40 /* EditProfilePage.swift */ = {isa = PBXFileReference; lastKnownFileType = sourcecode.swift; path = EditProfilePage.swift; sourceTree = "<group>"; };
		534E0C4D2C8856B700D8BA40 /* EditDetailPage.swift */ = {isa = PBXFileReference; lastKnownFileType = sourcecode.swift; path = EditDetailPage.swift; sourceTree = "<group>"; };
		539CBEFD2C771E60005F81A9 /* EachFeed.swift */ = {isa = PBXFileReference; lastKnownFileType = sourcecode.swift; path = EachFeed.swift; sourceTree = "<group>"; };
		539CBEFF2C771E90005F81A9 /* FeedListPage.swift */ = {isa = PBXFileReference; lastKnownFileType = sourcecode.swift; path = FeedListPage.swift; sourceTree = "<group>"; };
		539CBF012C771EA6005F81A9 /* FeedModel.swift */ = {isa = PBXFileReference; lastKnownFileType = sourcecode.swift; path = FeedModel.swift; sourceTree = "<group>"; };
		539CBF042C772DE1005F81A9 /* ToastView.swift */ = {isa = PBXFileReference; lastKnownFileType = sourcecode.swift; path = ToastView.swift; sourceTree = "<group>"; };
		539CBF072C7745A2005F81A9 /* SplashScreenViewModel.swift */ = {isa = PBXFileReference; lastKnownFileType = sourcecode.swift; path = SplashScreenViewModel.swift; sourceTree = "<group>"; };
		539CBF092C774627005F81A9 /* TokenManager.swift */ = {isa = PBXFileReference; lastKnownFileType = sourcecode.swift; path = TokenManager.swift; sourceTree = "<group>"; };
		539CBF0B2C783EEA005F81A9 /* EachTabIcon.swift */ = {isa = PBXFileReference; lastKnownFileType = sourcecode.swift; path = EachTabIcon.swift; sourceTree = "<group>"; };
		539CBF0E2C785239005F81A9 /* HomePage.swift */ = {isa = PBXFileReference; lastKnownFileType = sourcecode.swift; path = HomePage.swift; sourceTree = "<group>"; };
		539CBF102C7853D1005F81A9 /* FeedsViewModel.swift */ = {isa = PBXFileReference; lastKnownFileType = sourcecode.swift; path = FeedsViewModel.swift; sourceTree = "<group>"; };
		53B06D412C75ABCB0054EAC1 /* LoginViewModel.swift */ = {isa = PBXFileReference; lastKnownFileType = sourcecode.swift; path = LoginViewModel.swift; sourceTree = "<group>"; };
		53B06D432C75AC050054EAC1 /* LoginEmailTextField.swift */ = {isa = PBXFileReference; lastKnownFileType = sourcecode.swift; path = LoginEmailTextField.swift; sourceTree = "<group>"; };
		53B06D452C75AC250054EAC1 /* LoginPasswordTextField.swift */ = {isa = PBXFileReference; lastKnownFileType = sourcecode.swift; path = LoginPasswordTextField.swift; sourceTree = "<group>"; };
		53B06D472C75AC2B0054EAC1 /* LoginButton.swift */ = {isa = PBXFileReference; lastKnownFileType = sourcecode.swift; path = LoginButton.swift; sourceTree = "<group>"; };
		53B06D4A2C75AC4B0054EAC1 /* AuthBGView.swift */ = {isa = PBXFileReference; lastKnownFileType = sourcecode.swift; path = AuthBGView.swift; sourceTree = "<group>"; };
		53B06D4C2C75C8BF0054EAC1 /* AuthTextField.swift */ = {isa = PBXFileReference; lastKnownFileType = sourcecode.swift; path = AuthTextField.swift; sourceTree = "<group>"; };
		53B06D4E2C75CB8B0054EAC1 /* LoginPage.swift */ = {isa = PBXFileReference; lastKnownFileType = sourcecode.swift; path = LoginPage.swift; sourceTree = "<group>"; };
		53B06D502C75CDEA0054EAC1 /* AuthActionButton.swift */ = {isa = PBXFileReference; lastKnownFileType = sourcecode.swift; path = AuthActionButton.swift; sourceTree = "<group>"; };
		53B06D522C75D2120054EAC1 /* Extensions.swift */ = {isa = PBXFileReference; lastKnownFileType = sourcecode.swift; path = Extensions.swift; sourceTree = "<group>"; };
		53B06D542C75D6140054EAC1 /* RegisterPageRouteButton.swift */ = {isa = PBXFileReference; lastKnownFileType = sourcecode.swift; path = RegisterPageRouteButton.swift; sourceTree = "<group>"; };
		53B06D562C75E35C0054EAC1 /* LoginModel.swift */ = {isa = PBXFileReference; lastKnownFileType = sourcecode.swift; path = LoginModel.swift; sourceTree = "<group>"; };
		53DD5DA62C803BD000060F9B /* AddFeedsPage.swift */ = {isa = PBXFileReference; lastKnownFileType = sourcecode.swift; path = AddFeedsPage.swift; sourceTree = "<group>"; };
		53DD5DA92C803BE300060F9B /* AddFeedsViewModel.swift */ = {isa = PBXFileReference; lastKnownFileType = sourcecode.swift; path = AddFeedsViewModel.swift; sourceTree = "<group>"; };
		53DD5DAC2C803BEF00060F9B /* AddFeedsModel.swift */ = {isa = PBXFileReference; lastKnownFileType = sourcecode.swift; path = AddFeedsModel.swift; sourceTree = "<group>"; };
		53DD5DAE2C818BAF00060F9B /* AppFunctions.swift */ = {isa = PBXFileReference; lastKnownFileType = sourcecode.swift; path = AppFunctions.swift; sourceTree = "<group>"; };
		53DD5DB02C81A0FA00060F9B /* CommentsSheet.swift */ = {isa = PBXFileReference; lastKnownFileType = sourcecode.swift; path = CommentsSheet.swift; sourceTree = "<group>"; };
		53DD5DB22C81B74200060F9B /* DummyProfile.swift */ = {isa = PBXFileReference; lastKnownFileType = sourcecode.swift; path = DummyProfile.swift; sourceTree = "<group>"; };
		53DD5DB82C81D70800060F9B /* ProfilePage.swift */ = {isa = PBXFileReference; lastKnownFileType = sourcecode.swift; path = ProfilePage.swift; sourceTree = "<group>"; };
		53DD5DBA2C81D71800060F9B /* ProfileViewModel.swift */ = {isa = PBXFileReference; lastKnownFileType = sourcecode.swift; path = ProfileViewModel.swift; sourceTree = "<group>"; };
		53DD5DBC2C81D73E00060F9B /* ProfileModel.swift */ = {isa = PBXFileReference; lastKnownFileType = sourcecode.swift; path = ProfileModel.swift; sourceTree = "<group>"; };
		53E445BE2C79ABB5003D50AA /* NetworkImage.swift */ = {isa = PBXFileReference; lastKnownFileType = sourcecode.swift; path = NetworkImage.swift; sourceTree = "<group>"; };
/* End PBXFileReference section */

/* Begin PBXFrameworksBuildPhase section */
		53452D312C7344C400C3E406 /* Frameworks */ = {
			isa = PBXFrameworksBuildPhase;
			buildActionMask = 2147483647;
			files = (
			);
			runOnlyForDeploymentPostprocessing = 0;
		};
/* End PBXFrameworksBuildPhase section */

/* Begin PBXGroup section */
		533C58DA2C822D0000A89380 /* UIComponents */ = {
			isa = PBXGroup;
			children = (
				533C58DB2C822D1500A89380 /* ProfileDetailView.swift */,
			);
			path = UIComponents;
			sourceTree = "<group>";
		};
		53452D2B2C7344C400C3E406 = {
			isa = PBXGroup;
			children = (
				53452D362C7344C400C3E406 /* instagram_clone */,
				53452D352C7344C400C3E406 /* Products */,
			);
			sourceTree = "<group>";
		};
		53452D352C7344C400C3E406 /* Products */ = {
			isa = PBXGroup;
			children = (
				53452D342C7344C400C3E406 /* instagram_clone.app */,
			);
			name = Products;
			sourceTree = "<group>";
		};
		53452D362C7344C400C3E406 /* instagram_clone */ = {
			isa = PBXGroup;
			children = (
				53452D4A2C74469700C3E406 /* Utils */,
				53452D462C7344E700C3E406 /* ViewModel */,
				53452D452C7344E100C3E406 /* Modules */,
				53452D372C7344C400C3E406 /* instagram_cloneApp.swift */,
				53452D3B2C7344C500C3E406 /* Assets.xcassets */,
				53452D3D2C7344C500C3E406 /* Preview Content */,
			);
			path = instagram_clone;
			sourceTree = "<group>";
		};
		53452D3D2C7344C500C3E406 /* Preview Content */ = {
			isa = PBXGroup;
			children = (
				53452D3E2C7344C500C3E406 /* Preview Assets.xcassets */,
			);
			path = "Preview Content";
			sourceTree = "<group>";
		};
		53452D452C7344E100C3E406 /* Modules */ = {
			isa = PBXGroup;
			children = (
				53DD5DB42C81D6E800060F9B /* Profile */,
				53DD5DA52C803BBD00060F9B /* AddFeeds */,
				539CBF0D2C785227005F81A9 /* Home */,
				539CBF032C772DD4005F81A9 /* _UIComponents */,
				539CBEF52C771DF1005F81A9 /* Feeds */,
				53452D472C7344F800C3E406 /* Auth */,
			);
			path = Modules;
			sourceTree = "<group>";
		};
		53452D462C7344E700C3E406 /* ViewModel */ = {
			isa = PBXGroup;
			children = (
			);
			path = ViewModel;
			sourceTree = "<group>";
		};
		53452D472C7344F800C3E406 /* Auth */ = {
			isa = PBXGroup;
			children = (
				539CBF062C774592005F81A9 /* ViewModel */,
				53B06D492C75AC380054EAC1 /* _UIComponents */,
				53B06D3C2C75AB8E0054EAC1 /* Login */,
				53452D542C7457FD00C3E406 /* Register */,
				53452D482C73451100C3E406 /* SplashScreen.swift */,
			);
			path = Auth;
			sourceTree = "<group>";
		};
		53452D4A2C74469700C3E406 /* Utils */ = {
			isa = PBXGroup;
			children = (
				53452D4D2C7446B000C3E406 /* ApiService.swift */,
				53452D522C74547600C3E406 /* AppColors.swift */,
				53452D5F2C747D3700C3E406 /* ApiEndPoints.swift */,
				53452D672C74848200C3E406 /* Superprint.swift */,
				53B06D522C75D2120054EAC1 /* Extensions.swift */,
				539CBF092C774627005F81A9 /* TokenManager.swift */,
				53E445BE2C79ABB5003D50AA /* NetworkImage.swift */,
				53DD5DAE2C818BAF00060F9B /* AppFunctions.swift */,
				533C58D82C822C9F00A89380 /* AppConstants.swift */,
				534E0C412C8818D500D8BA40 /* Shimmer.swift */,
			);
			path = Utils;
			sourceTree = "<group>";
		};
		53452D542C7457FD00C3E406 /* Register */ = {
			isa = PBXGroup;
			children = (
				53452D5C2C747C0600C3E406 /* Models */,
				53452D592C7476E900C3E406 /* ViewModel */,
				53452D552C74583B00C3E406 /* _UIComponents */,
				53452D502C7453E800C3E406 /* RegisterPage.swift */,
			);
			path = Register;
			sourceTree = "<group>";
		};
		53452D552C74583B00C3E406 /* _UIComponents */ = {
			isa = PBXGroup;
			children = (
				53452D562C74585700C3E406 /* RegisterEmailTextField.swift */,
				53452D612C747FB100C3E406 /* RegisterPasswordTextField.swift */,
				53452D632C747FDE00C3E406 /* RegisterButton.swift */,
				53452D652C74838500C3E406 /* RegisterNameTextField.swift */,
			);
			path = _UIComponents;
			sourceTree = "<group>";
		};
		53452D592C7476E900C3E406 /* ViewModel */ = {
			isa = PBXGroup;
			children = (
				53452D5A2C7476F400C3E406 /* RegisterViewModel.swift */,
			);
			path = ViewModel;
			sourceTree = "<group>";
		};
		53452D5C2C747C0600C3E406 /* Models */ = {
			isa = PBXGroup;
			children = (
				53452D5D2C747C1200C3E406 /* RegisterModel.swift */,
			);
			path = Models;
			sourceTree = "<group>";
		};
		534E0C432C88205600D8BA40 /* EditProfile */ = {
			isa = PBXGroup;
			children = (
				534E0C462C88206D00D8BA40 /* View */,
			);
			path = EditProfile;
			sourceTree = "<group>";
		};
		534E0C462C88206D00D8BA40 /* View */ = {
			isa = PBXGroup;
			children = (
				534E0C442C88206A00D8BA40 /* EditProfilePage.swift */,
				534E0C4D2C8856B700D8BA40 /* EditDetailPage.swift */,
			);
			path = View;
			sourceTree = "<group>";
		};
		539CBEF52C771DF1005F81A9 /* Feeds */ = {
			isa = PBXGroup;
			children = (
				539CBEF62C771DFB005F81A9 /* FeedList */,
			);
			path = Feeds;
			sourceTree = "<group>";
		};
		539CBEF62C771DFB005F81A9 /* FeedList */ = {
			isa = PBXGroup;
			children = (
				539CBEF92C771E0B005F81A9 /* View */,
				539CBEF82C771E07005F81A9 /* Model */,
				539CBEF72C771E01005F81A9 /* ViewModel */,
			);
			path = FeedList;
			sourceTree = "<group>";
		};
		539CBEF72C771E01005F81A9 /* ViewModel */ = {
			isa = PBXGroup;
			children = (
				539CBF102C7853D1005F81A9 /* FeedsViewModel.swift */,
			);
			path = ViewModel;
			sourceTree = "<group>";
		};
		539CBEF82C771E07005F81A9 /* Model */ = {
			isa = PBXGroup;
			children = (
				539CBF012C771EA6005F81A9 /* FeedModel.swift */,
			);
			path = Model;
			sourceTree = "<group>";
		};
		539CBEF92C771E0B005F81A9 /* View */ = {
			isa = PBXGroup;
			children = (
				539CBEFC2C771E51005F81A9 /* UI_Components */,
				539CBEFF2C771E90005F81A9 /* FeedListPage.swift */,
			);
			path = View;
			sourceTree = "<group>";
		};
		539CBEFC2C771E51005F81A9 /* UI_Components */ = {
			isa = PBXGroup;
			children = (
				539CBEFD2C771E60005F81A9 /* EachFeed.swift */,
				539CBF0B2C783EEA005F81A9 /* EachTabIcon.swift */,
				53DD5DB02C81A0FA00060F9B /* CommentsSheet.swift */,
			);
			path = UI_Components;
			sourceTree = "<group>";
		};
		539CBF032C772DD4005F81A9 /* _UIComponents */ = {
			isa = PBXGroup;
			children = (
				539CBF042C772DE1005F81A9 /* ToastView.swift */,
				53DD5DB22C81B74200060F9B /* DummyProfile.swift */,
			);
			path = _UIComponents;
			sourceTree = "<group>";
		};
		539CBF062C774592005F81A9 /* ViewModel */ = {
			isa = PBXGroup;
			children = (
				539CBF072C7745A2005F81A9 /* SplashScreenViewModel.swift */,
			);
			path = ViewModel;
			sourceTree = "<group>";
		};
		539CBF0D2C785227005F81A9 /* Home */ = {
			isa = PBXGroup;
			children = (
				539CBF0E2C785239005F81A9 /* HomePage.swift */,
			);
			path = Home;
			sourceTree = "<group>";
		};
		53B06D3C2C75AB8E0054EAC1 /* Login */ = {
			isa = PBXGroup;
			children = (
				53B06D3F2C75ABA90054EAC1 /* _UIComponents */,
				53B06D3E2C75ABA10054EAC1 /* ViewModel */,
				53B06D3D2C75AB9D0054EAC1 /* Models */,
				53B06D4E2C75CB8B0054EAC1 /* LoginPage.swift */,
			);
			path = Login;
			sourceTree = "<group>";
		};
		53B06D3D2C75AB9D0054EAC1 /* Models */ = {
			isa = PBXGroup;
			children = (
				53B06D562C75E35C0054EAC1 /* LoginModel.swift */,
			);
			path = Models;
			sourceTree = "<group>";
		};
		53B06D3E2C75ABA10054EAC1 /* ViewModel */ = {
			isa = PBXGroup;
			children = (
				53B06D412C75ABCB0054EAC1 /* LoginViewModel.swift */,
			);
			path = ViewModel;
			sourceTree = "<group>";
		};
		53B06D3F2C75ABA90054EAC1 /* _UIComponents */ = {
			isa = PBXGroup;
			children = (
				53B06D432C75AC050054EAC1 /* LoginEmailTextField.swift */,
				53B06D452C75AC250054EAC1 /* LoginPasswordTextField.swift */,
				53B06D472C75AC2B0054EAC1 /* LoginButton.swift */,
				53B06D542C75D6140054EAC1 /* RegisterPageRouteButton.swift */,
			);
			path = _UIComponents;
			sourceTree = "<group>";
		};
		53B06D492C75AC380054EAC1 /* _UIComponents */ = {
			isa = PBXGroup;
			children = (
				53B06D4A2C75AC4B0054EAC1 /* AuthBGView.swift */,
				53B06D4C2C75C8BF0054EAC1 /* AuthTextField.swift */,
				53B06D502C75CDEA0054EAC1 /* AuthActionButton.swift */,
			);
			path = _UIComponents;
			sourceTree = "<group>";
		};
		53DD5DA52C803BBD00060F9B /* AddFeeds */ = {
			isa = PBXGroup;
			children = (
				53DD5DAB2C803BE500060F9B /* Model */,
				53DD5DA82C803BD700060F9B /* ViewModel */,
				53DD5DA62C803BD000060F9B /* AddFeedsPage.swift */,
			);
			path = AddFeeds;
			sourceTree = "<group>";
		};
		53DD5DA82C803BD700060F9B /* ViewModel */ = {
			isa = PBXGroup;
			children = (
				53DD5DA92C803BE300060F9B /* AddFeedsViewModel.swift */,
			);
			path = ViewModel;
			sourceTree = "<group>";
		};
		53DD5DAB2C803BE500060F9B /* Model */ = {
			isa = PBXGroup;
			children = (
				53DD5DAC2C803BEF00060F9B /* AddFeedsModel.swift */,
			);
			path = Model;
			sourceTree = "<group>";
		};
		53DD5DB42C81D6E800060F9B /* Profile */ = {
			isa = PBXGroup;
			children = (
				534E0C432C88205600D8BA40 /* EditProfile */,
				53DD5DB72C81D70000060F9B /* View */,
				53DD5DB62C81D6FC00060F9B /* Model */,
				53DD5DB52C81D6F400060F9B /* ViewModel */,
			);
			path = Profile;
			sourceTree = "<group>";
		};
		53DD5DB52C81D6F400060F9B /* ViewModel */ = {
			isa = PBXGroup;
			children = (
				53DD5DBA2C81D71800060F9B /* ProfileViewModel.swift */,
			);
			path = ViewModel;
			sourceTree = "<group>";
		};
		53DD5DB62C81D6FC00060F9B /* Model */ = {
			isa = PBXGroup;
			children = (
				53DD5DBC2C81D73E00060F9B /* ProfileModel.swift */,
			);
			path = Model;
			sourceTree = "<group>";
		};
		53DD5DB72C81D70000060F9B /* View */ = {
			isa = PBXGroup;
			children = (
				533C58DA2C822D0000A89380 /* UIComponents */,
				53DD5DB82C81D70800060F9B /* ProfilePage.swift */,
			);
			path = View;
			sourceTree = "<group>";
		};
/* End PBXGroup section */

/* Begin PBXNativeTarget section */
		53452D332C7344C400C3E406 /* instagram_clone */ = {
			isa = PBXNativeTarget;
			buildConfigurationList = 53452D422C7344C500C3E406 /* Build configuration list for PBXNativeTarget "instagram_clone" */;
			buildPhases = (
				53452D302C7344C400C3E406 /* Sources */,
				53452D312C7344C400C3E406 /* Frameworks */,
				53452D322C7344C400C3E406 /* Resources */,
			);
			buildRules = (
			);
			dependencies = (
			);
			name = instagram_clone;
			productName = instagram_clone;
			productReference = 53452D342C7344C400C3E406 /* instagram_clone.app */;
			productType = "com.apple.product-type.application";
		};
/* End PBXNativeTarget section */

/* Begin PBXProject section */
		53452D2C2C7344C400C3E406 /* Project object */ = {
			isa = PBXProject;
			attributes = {
				BuildIndependentTargetsInParallel = 1;
				LastSwiftUpdateCheck = 1540;
				LastUpgradeCheck = 1540;
				TargetAttributes = {
					53452D332C7344C400C3E406 = {
						CreatedOnToolsVersion = 15.4;
					};
				};
			};
			buildConfigurationList = 53452D2F2C7344C400C3E406 /* Build configuration list for PBXProject "instagram_clone" */;
			compatibilityVersion = "Xcode 14.0";
			developmentRegion = en;
			hasScannedForEncodings = 0;
			knownRegions = (
				en,
				Base,
			);
			mainGroup = 53452D2B2C7344C400C3E406;
			productRefGroup = 53452D352C7344C400C3E406 /* Products */;
			projectDirPath = "";
			projectRoot = "";
			targets = (
				53452D332C7344C400C3E406 /* instagram_clone */,
			);
		};
/* End PBXProject section */

/* Begin PBXResourcesBuildPhase section */
		53452D322C7344C400C3E406 /* Resources */ = {
			isa = PBXResourcesBuildPhase;
			buildActionMask = 2147483647;
			files = (
				53452D3F2C7344C500C3E406 /* Preview Assets.xcassets in Resources */,
				53452D3C2C7344C500C3E406 /* Assets.xcassets in Resources */,
			);
			runOnlyForDeploymentPostprocessing = 0;
		};
/* End PBXResourcesBuildPhase section */

/* Begin PBXSourcesBuildPhase section */
		53452D302C7344C400C3E406 /* Sources */ = {
			isa = PBXSourcesBuildPhase;
			buildActionMask = 2147483647;
			files = (
				53B06D552C75D6140054EAC1 /* RegisterPageRouteButton.swift in Sources */,
				53452D492C73451100C3E406 /* SplashScreen.swift in Sources */,
				53DD5DAA2C803BE300060F9B /* AddFeedsViewModel.swift in Sources */,
				539CBF002C771E90005F81A9 /* FeedListPage.swift in Sources */,
				53452D622C747FB100C3E406 /* RegisterPasswordTextField.swift in Sources */,
				53452D682C74848200C3E406 /* Superprint.swift in Sources */,
				53B06D4B2C75AC4B0054EAC1 /* AuthBGView.swift in Sources */,
				53DD5DAD2C803BEF00060F9B /* AddFeedsModel.swift in Sources */,
				53DD5DAF2C818BAF00060F9B /* AppFunctions.swift in Sources */,
				53E445BF2C79ABB5003D50AA /* NetworkImage.swift in Sources */,
				53452D382C7344C400C3E406 /* instagram_cloneApp.swift in Sources */,
				539CBF0A2C774627005F81A9 /* TokenManager.swift in Sources */,
				534E0C422C8818D500D8BA40 /* Shimmer.swift in Sources */,
				53DD5DB12C81A0FA00060F9B /* CommentsSheet.swift in Sources */,
				53DD5DBD2C81D73E00060F9B /* ProfileModel.swift in Sources */,
				534E0C4E2C8856B700D8BA40 /* EditDetailPage.swift in Sources */,
				53452D5B2C7476F400C3E406 /* RegisterViewModel.swift in Sources */,
				533C58DC2C822D1500A89380 /* ProfileDetailView.swift in Sources */,
				539CBF082C7745A2005F81A9 /* SplashScreenViewModel.swift in Sources */,
				539CBF052C772DE1005F81A9 /* ToastView.swift in Sources */,
				53DD5DB92C81D70800060F9B /* ProfilePage.swift in Sources */,
				53452D4E2C7446B000C3E406 /* ApiService.swift in Sources */,
				53B06D512C75CDEA0054EAC1 /* AuthActionButton.swift in Sources */,
				539CBF0C2C783EEA005F81A9 /* EachTabIcon.swift in Sources */,
				53DD5DBB2C81D71800060F9B /* ProfileViewModel.swift in Sources */,
				53B06D422C75ABCB0054EAC1 /* LoginViewModel.swift in Sources */,
				53DD5DA72C803BD000060F9B /* AddFeedsPage.swift in Sources */,
				53DD5DB32C81B74200060F9B /* DummyProfile.swift in Sources */,
				539CBF0F2C785239005F81A9 /* HomePage.swift in Sources */,
				539CBEFE2C771E60005F81A9 /* EachFeed.swift in Sources */,
				53B06D532C75D2120054EAC1 /* Extensions.swift in Sources */,
				53B06D4F2C75CB8B0054EAC1 /* LoginPage.swift in Sources */,
				53452D662C74838500C3E406 /* RegisterNameTextField.swift in Sources */,
				533C58D92C822C9F00A89380 /* AppConstants.swift in Sources */,
				53B06D572C75E35C0054EAC1 /* LoginModel.swift in Sources */,
				539CBF022C771EA6005F81A9 /* FeedModel.swift in Sources */,
				53452D5E2C747C1200C3E406 /* RegisterModel.swift in Sources */,
				53452D602C747D3700C3E406 /* ApiEndPoints.swift in Sources */,
				53452D572C74585700C3E406 /* RegisterEmailTextField.swift in Sources */,
				53452D532C74547600C3E406 /* AppColors.swift in Sources */,
				53B06D462C75AC250054EAC1 /* LoginPasswordTextField.swift in Sources */,
				53452D642C747FDE00C3E406 /* RegisterButton.swift in Sources */,
				534E0C452C88206A00D8BA40 /* EditProfilePage.swift in Sources */,
				539CBF112C7853D1005F81A9 /* FeedsViewModel.swift in Sources */,
				53B06D442C75AC050054EAC1 /* LoginEmailTextField.swift in Sources */,
				53B06D482C75AC2B0054EAC1 /* LoginButton.swift in Sources */,
				53B06D4D2C75C8BF0054EAC1 /* AuthTextField.swift in Sources */,
				53452D512C7453E800C3E406 /* RegisterPage.swift in Sources */,
			);
			runOnlyForDeploymentPostprocessing = 0;
		};
/* End PBXSourcesBuildPhase section */

/* Begin XCBuildConfiguration section */
		53452D402C7344C500C3E406 /* Debug */ = {
			isa = XCBuildConfiguration;
			buildSettings = {
				ALWAYS_SEARCH_USER_PATHS = NO;
				ASSETCATALOG_COMPILER_GENERATE_SWIFT_ASSET_SYMBOL_EXTENSIONS = YES;
				CLANG_ANALYZER_NONNULL = YES;
				CLANG_ANALYZER_NUMBER_OBJECT_CONVERSION = YES_AGGRESSIVE;
				CLANG_CXX_LANGUAGE_STANDARD = "gnu++20";
				CLANG_ENABLE_MODULES = YES;
				CLANG_ENABLE_OBJC_ARC = YES;
				CLANG_ENABLE_OBJC_WEAK = YES;
				CLANG_WARN_BLOCK_CAPTURE_AUTORELEASING = YES;
				CLANG_WARN_BOOL_CONVERSION = YES;
				CLANG_WARN_COMMA = YES;
				CLANG_WARN_CONSTANT_CONVERSION = YES;
				CLANG_WARN_DEPRECATED_OBJC_IMPLEMENTATIONS = YES;
				CLANG_WARN_DIRECT_OBJC_ISA_USAGE = YES_ERROR;
				CLANG_WARN_DOCUMENTATION_COMMENTS = YES;
				CLANG_WARN_EMPTY_BODY = YES;
				CLANG_WARN_ENUM_CONVERSION = YES;
				CLANG_WARN_INFINITE_RECURSION = YES;
				CLANG_WARN_INT_CONVERSION = YES;
				CLANG_WARN_NON_LITERAL_NULL_CONVERSION = YES;
				CLANG_WARN_OBJC_IMPLICIT_RETAIN_SELF = YES;
				CLANG_WARN_OBJC_LITERAL_CONVERSION = YES;
				CLANG_WARN_OBJC_ROOT_CLASS = YES_ERROR;
				CLANG_WARN_QUOTED_INCLUDE_IN_FRAMEWORK_HEADER = YES;
				CLANG_WARN_RANGE_LOOP_ANALYSIS = YES;
				CLANG_WARN_STRICT_PROTOTYPES = YES;
				CLANG_WARN_SUSPICIOUS_MOVE = YES;
				CLANG_WARN_UNGUARDED_AVAILABILITY = YES_AGGRESSIVE;
				CLANG_WARN_UNREACHABLE_CODE = YES;
				CLANG_WARN__DUPLICATE_METHOD_MATCH = YES;
				COPY_PHASE_STRIP = NO;
				DEBUG_INFORMATION_FORMAT = dwarf;
				ENABLE_STRICT_OBJC_MSGSEND = YES;
				ENABLE_TESTABILITY = YES;
				ENABLE_USER_SCRIPT_SANDBOXING = YES;
				GCC_C_LANGUAGE_STANDARD = gnu17;
				GCC_DYNAMIC_NO_PIC = NO;
				GCC_NO_COMMON_BLOCKS = YES;
				GCC_OPTIMIZATION_LEVEL = 0;
				GCC_PREPROCESSOR_DEFINITIONS = (
					"DEBUG=1",
					"$(inherited)",
				);
				GCC_WARN_64_TO_32_BIT_CONVERSION = YES;
				GCC_WARN_ABOUT_RETURN_TYPE = YES_ERROR;
				GCC_WARN_UNDECLARED_SELECTOR = YES;
				GCC_WARN_UNINITIALIZED_AUTOS = YES_AGGRESSIVE;
				GCC_WARN_UNUSED_FUNCTION = YES;
				GCC_WARN_UNUSED_VARIABLE = YES;
				IPHONEOS_DEPLOYMENT_TARGET = 17.5;
				LOCALIZATION_PREFERS_STRING_CATALOGS = YES;
				MTL_ENABLE_DEBUG_INFO = INCLUDE_SOURCE;
				MTL_FAST_MATH = YES;
				ONLY_ACTIVE_ARCH = YES;
				SDKROOT = iphoneos;
				SWIFT_ACTIVE_COMPILATION_CONDITIONS = "DEBUG $(inherited)";
				SWIFT_OPTIMIZATION_LEVEL = "-Onone";
			};
			name = Debug;
		};
		53452D412C7344C500C3E406 /* Release */ = {
			isa = XCBuildConfiguration;
			buildSettings = {
				ALWAYS_SEARCH_USER_PATHS = NO;
				ASSETCATALOG_COMPILER_GENERATE_SWIFT_ASSET_SYMBOL_EXTENSIONS = YES;
				CLANG_ANALYZER_NONNULL = YES;
				CLANG_ANALYZER_NUMBER_OBJECT_CONVERSION = YES_AGGRESSIVE;
				CLANG_CXX_LANGUAGE_STANDARD = "gnu++20";
				CLANG_ENABLE_MODULES = YES;
				CLANG_ENABLE_OBJC_ARC = YES;
				CLANG_ENABLE_OBJC_WEAK = YES;
				CLANG_WARN_BLOCK_CAPTURE_AUTORELEASING = YES;
				CLANG_WARN_BOOL_CONVERSION = YES;
				CLANG_WARN_COMMA = YES;
				CLANG_WARN_CONSTANT_CONVERSION = YES;
				CLANG_WARN_DEPRECATED_OBJC_IMPLEMENTATIONS = YES;
				CLANG_WARN_DIRECT_OBJC_ISA_USAGE = YES_ERROR;
				CLANG_WARN_DOCUMENTATION_COMMENTS = YES;
				CLANG_WARN_EMPTY_BODY = YES;
				CLANG_WARN_ENUM_CONVERSION = YES;
				CLANG_WARN_INFINITE_RECURSION = YES;
				CLANG_WARN_INT_CONVERSION = YES;
				CLANG_WARN_NON_LITERAL_NULL_CONVERSION = YES;
				CLANG_WARN_OBJC_IMPLICIT_RETAIN_SELF = YES;
				CLANG_WARN_OBJC_LITERAL_CONVERSION = YES;
				CLANG_WARN_OBJC_ROOT_CLASS = YES_ERROR;
				CLANG_WARN_QUOTED_INCLUDE_IN_FRAMEWORK_HEADER = YES;
				CLANG_WARN_RANGE_LOOP_ANALYSIS = YES;
				CLANG_WARN_STRICT_PROTOTYPES = YES;
				CLANG_WARN_SUSPICIOUS_MOVE = YES;
				CLANG_WARN_UNGUARDED_AVAILABILITY = YES_AGGRESSIVE;
				CLANG_WARN_UNREACHABLE_CODE = YES;
				CLANG_WARN__DUPLICATE_METHOD_MATCH = YES;
				COPY_PHASE_STRIP = NO;
				DEBUG_INFORMATION_FORMAT = "dwarf-with-dsym";
				ENABLE_NS_ASSERTIONS = NO;
				ENABLE_STRICT_OBJC_MSGSEND = YES;
				ENABLE_USER_SCRIPT_SANDBOXING = YES;
				GCC_C_LANGUAGE_STANDARD = gnu17;
				GCC_NO_COMMON_BLOCKS = YES;
				GCC_WARN_64_TO_32_BIT_CONVERSION = YES;
				GCC_WARN_ABOUT_RETURN_TYPE = YES_ERROR;
				GCC_WARN_UNDECLARED_SELECTOR = YES;
				GCC_WARN_UNINITIALIZED_AUTOS = YES_AGGRESSIVE;
				GCC_WARN_UNUSED_FUNCTION = YES;
				GCC_WARN_UNUSED_VARIABLE = YES;
				IPHONEOS_DEPLOYMENT_TARGET = 17.5;
				LOCALIZATION_PREFERS_STRING_CATALOGS = YES;
				MTL_ENABLE_DEBUG_INFO = NO;
				MTL_FAST_MATH = YES;
				SDKROOT = iphoneos;
				SWIFT_COMPILATION_MODE = wholemodule;
				VALIDATE_PRODUCT = YES;
			};
			name = Release;
		};
		53452D432C7344C500C3E406 /* Debug */ = {
			isa = XCBuildConfiguration;
			buildSettings = {
				ASSETCATALOG_COMPILER_APPICON_NAME = AppIcon;
				ASSETCATALOG_COMPILER_GLOBAL_ACCENT_COLOR_NAME = AccentColor;
				CODE_SIGN_STYLE = Automatic;
				CURRENT_PROJECT_VERSION = 1;
				DEVELOPMENT_ASSET_PATHS = "\"instagram_clone/Preview Content\"";
				DEVELOPMENT_TEAM = U53AZWGCD8;
				ENABLE_PREVIEWS = YES;
				GENERATE_INFOPLIST_FILE = YES;
				INFOPLIST_KEY_UIApplicationSceneManifest_Generation = YES;
				INFOPLIST_KEY_UIApplicationSupportsIndirectInputEvents = YES;
				INFOPLIST_KEY_UILaunchScreen_Generation = YES;
				INFOPLIST_KEY_UISupportedInterfaceOrientations = UIInterfaceOrientationPortrait;
				INFOPLIST_KEY_UISupportedInterfaceOrientations_iPad = "UIInterfaceOrientationLandscapeLeft UIInterfaceOrientationLandscapeRight UIInterfaceOrientationPortrait UIInterfaceOrientationPortraitUpsideDown";
				LD_RUNPATH_SEARCH_PATHS = (
					"$(inherited)",
					"@executable_path/Frameworks",
				);
				MARKETING_VERSION = 1.0;
				PRODUCT_BUNDLE_IDENTIFIER = "com.example.learningswift.instagram-clone";
				PRODUCT_NAME = "$(TARGET_NAME)";
				SUPPORTED_PLATFORMS = "iphoneos iphonesimulator";
				SUPPORTS_MACCATALYST = NO;
				SUPPORTS_MAC_DESIGNED_FOR_IPHONE_IPAD = NO;
				SUPPORTS_XR_DESIGNED_FOR_IPHONE_IPAD = NO;
				SWIFT_EMIT_LOC_STRINGS = YES;
				SWIFT_VERSION = 5.0;
				TARGETED_DEVICE_FAMILY = 1;
			};
			name = Debug;
		};
		53452D442C7344C500C3E406 /* Release */ = {
			isa = XCBuildConfiguration;
			buildSettings = {
				ASSETCATALOG_COMPILER_APPICON_NAME = AppIcon;
				ASSETCATALOG_COMPILER_GLOBAL_ACCENT_COLOR_NAME = AccentColor;
				CODE_SIGN_STYLE = Automatic;
				CURRENT_PROJECT_VERSION = 1;
				DEVELOPMENT_ASSET_PATHS = "\"instagram_clone/Preview Content\"";
				DEVELOPMENT_TEAM = U53AZWGCD8;
				ENABLE_PREVIEWS = YES;
				GENERATE_INFOPLIST_FILE = YES;
				INFOPLIST_KEY_UIApplicationSceneManifest_Generation = YES;
				INFOPLIST_KEY_UIApplicationSupportsIndirectInputEvents = YES;
				INFOPLIST_KEY_UILaunchScreen_Generation = YES;
				INFOPLIST_KEY_UISupportedInterfaceOrientations = UIInterfaceOrientationPortrait;
				INFOPLIST_KEY_UISupportedInterfaceOrientations_iPad = "UIInterfaceOrientationLandscapeLeft UIInterfaceOrientationLandscapeRight UIInterfaceOrientationPortrait UIInterfaceOrientationPortraitUpsideDown";
				LD_RUNPATH_SEARCH_PATHS = (
					"$(inherited)",
					"@executable_path/Frameworks",
				);
				MARKETING_VERSION = 1.0;
				PRODUCT_BUNDLE_IDENTIFIER = "com.example.learningswift.instagram-clone";
				PRODUCT_NAME = "$(TARGET_NAME)";
				SUPPORTED_PLATFORMS = "iphoneos iphonesimulator";
				SUPPORTS_MACCATALYST = NO;
				SUPPORTS_MAC_DESIGNED_FOR_IPHONE_IPAD = NO;
				SUPPORTS_XR_DESIGNED_FOR_IPHONE_IPAD = NO;
				SWIFT_EMIT_LOC_STRINGS = YES;
				SWIFT_VERSION = 5.0;
				TARGETED_DEVICE_FAMILY = 1;
			};
			name = Release;
		};
/* End XCBuildConfiguration section */

/* Begin XCConfigurationList section */
		53452D2F2C7344C400C3E406 /* Build configuration list for PBXProject "instagram_clone" */ = {
			isa = XCConfigurationList;
			buildConfigurations = (
				53452D402C7344C500C3E406 /* Debug */,
				53452D412C7344C500C3E406 /* Release */,
			);
			defaultConfigurationIsVisible = 0;
			defaultConfigurationName = Release;
		};
		53452D422C7344C500C3E406 /* Build configuration list for PBXNativeTarget "instagram_clone" */ = {
			isa = XCConfigurationList;
			buildConfigurations = (
				53452D432C7344C500C3E406 /* Debug */,
				53452D442C7344C500C3E406 /* Release */,
			);
			defaultConfigurationIsVisible = 0;
			defaultConfigurationName = Release;
		};
/* End XCConfigurationList section */
	};
	rootObject = 53452D2C2C7344C400C3E406 /* Project object */;
}
